// !$*UTF8*$!
{
	archiveVersion = 1;
	classes = {
	};
	objectVersion = 46;
	objects = {

/* Begin PBXBuildFile section */
		78FAE1268EE2C0C42F3A8B63 /* Pods_Swift_youPlayer.framework in Frameworks */ = {isa = PBXBuildFile; fileRef = 7E0D1EAF10B599FD9C44EFF2 /* Pods_Swift_youPlayer.framework */; };
		DBA28D6E1F36AEF6006F12AD /* AppDelegate.swift in Sources */ = {isa = PBXBuildFile; fileRef = DBA28D6D1F36AEF6006F12AD /* AppDelegate.swift */; };
		DBA28D701F36AEF6006F12AD /* ViewController.swift in Sources */ = {isa = PBXBuildFile; fileRef = DBA28D6F1F36AEF6006F12AD /* ViewController.swift */; };
		DBA28D731F36AEF6006F12AD /* Main.storyboard in Resources */ = {isa = PBXBuildFile; fileRef = DBA28D711F36AEF6006F12AD /* Main.storyboard */; };
		DBA28D751F36AEF6006F12AD /* Assets.xcassets in Resources */ = {isa = PBXBuildFile; fileRef = DBA28D741F36AEF6006F12AD /* Assets.xcassets */; };
		DBA28D781F36AEF6006F12AD /* LaunchScreen.storyboard in Resources */ = {isa = PBXBuildFile; fileRef = DBA28D761F36AEF6006F12AD /* LaunchScreen.storyboard */; };
		DBA28D831F36AEF6006F12AD /* Swift_youPlayerTests.swift in Sources */ = {isa = PBXBuildFile; fileRef = DBA28D821F36AEF6006F12AD /* Swift_youPlayerTests.swift */; };
		DBA28D8E1F36AEF6006F12AD /* Swift_youPlayerUITests.swift in Sources */ = {isa = PBXBuildFile; fileRef = DBA28D8D1F36AEF6006F12AD /* Swift_youPlayerUITests.swift */; };
		DBA28D9E1F36B37A006F12AD /* MyView.swift in Sources */ = {isa = PBXBuildFile; fileRef = DBA28D9D1F36B37A006F12AD /* MyView.swift */; };
		E636C56B3D2079317E1A2280 /* Pods_Swift_youPlayerUITests.framework in Frameworks */ = {isa = PBXBuildFile; fileRef = F2E3A0AAB16CC0A1613226C9 /* Pods_Swift_youPlayerUITests.framework */; };
		EFE41368C74C598B7B135680 /* Pods_Swift_youPlayerTests.framework in Frameworks */ = {isa = PBXBuildFile; fileRef = B4A36B009C9181C9AA6C321C /* Pods_Swift_youPlayerTests.framework */; };
/* End PBXBuildFile section */

/* Begin PBXContainerItemProxy section */
		DBA28D7F1F36AEF6006F12AD /* PBXContainerItemProxy */ = {
			isa = PBXContainerItemProxy;
			containerPortal = DBA28D621F36AEF6006F12AD /* Project object */;
			proxyType = 1;
			remoteGlobalIDString = DBA28D691F36AEF6006F12AD;
			remoteInfo = Swift_youPlayer;
		};
		DBA28D8A1F36AEF6006F12AD /* PBXContainerItemProxy */ = {
			isa = PBXContainerItemProxy;
			containerPortal = DBA28D621F36AEF6006F12AD /* Project object */;
			proxyType = 1;
			remoteGlobalIDString = DBA28D691F36AEF6006F12AD;
			remoteInfo = Swift_youPlayer;
		};
/* End PBXContainerItemProxy section */

/* Begin PBXFileReference section */
		07FE7460C7AF6AAD35C82060 /* Pods-Swift_youPlayer.debug.xcconfig */ = {isa = PBXFileReference; includeInIndex = 1; lastKnownFileType = text.xcconfig; name = "Pods-Swift_youPlayer.debug.xcconfig"; path = "Pods/Target Support Files/Pods-Swift_youPlayer/Pods-Swift_youPlayer.debug.xcconfig"; sourceTree = "<group>"; };
		2E453B9BB64E87BCF903045D /* Pods-Swift_youPlayerUITests.debug.xcconfig */ = {isa = PBXFileReference; includeInIndex = 1; lastKnownFileType = text.xcconfig; name = "Pods-Swift_youPlayerUITests.debug.xcconfig"; path = "Pods/Target Support Files/Pods-Swift_youPlayerUITests/Pods-Swift_youPlayerUITests.debug.xcconfig"; sourceTree = "<group>"; };
		4995BD26C83DA0B781B02C49 /* Pods-Swift_youPlayer.release.xcconfig */ = {isa = PBXFileReference; includeInIndex = 1; lastKnownFileType = text.xcconfig; name = "Pods-Swift_youPlayer.release.xcconfig"; path = "Pods/Target Support Files/Pods-Swift_youPlayer/Pods-Swift_youPlayer.release.xcconfig"; sourceTree = "<group>"; };
		7E0D1EAF10B599FD9C44EFF2 /* Pods_Swift_youPlayer.framework */ = {isa = PBXFileReference; explicitFileType = wrapper.framework; includeInIndex = 0; path = Pods_Swift_youPlayer.framework; sourceTree = BUILT_PRODUCTS_DIR; };
		B4A36B009C9181C9AA6C321C /* Pods_Swift_youPlayerTests.framework */ = {isa = PBXFileReference; explicitFileType = wrapper.framework; includeInIndex = 0; path = Pods_Swift_youPlayerTests.framework; sourceTree = BUILT_PRODUCTS_DIR; };
		BBF56A325E9CD940AAEDFFF9 /* Pods-Swift_youPlayerTests.debug.xcconfig */ = {isa = PBXFileReference; includeInIndex = 1; lastKnownFileType = text.xcconfig; name = "Pods-Swift_youPlayerTests.debug.xcconfig"; path = "Pods/Target Support Files/Pods-Swift_youPlayerTests/Pods-Swift_youPlayerTests.debug.xcconfig"; sourceTree = "<group>"; };
		DBA28D6A1F36AEF6006F12AD /* Swift_youPlayer.app */ = {isa = PBXFileReference; explicitFileType = wrapper.application; includeInIndex = 0; path = Swift_youPlayer.app; sourceTree = BUILT_PRODUCTS_DIR; };
		DBA28D6D1F36AEF6006F12AD /* AppDelegate.swift */ = {isa = PBXFileReference; lastKnownFileType = sourcecode.swift; path = AppDelegate.swift; sourceTree = "<group>"; };
		DBA28D6F1F36AEF6006F12AD /* ViewController.swift */ = {isa = PBXFileReference; lastKnownFileType = sourcecode.swift; path = ViewController.swift; sourceTree = "<group>"; };
		DBA28D721F36AEF6006F12AD /* Base */ = {isa = PBXFileReference; lastKnownFileType = file.storyboard; name = Base; path = Base.lproj/Main.storyboard; sourceTree = "<group>"; };
		DBA28D741F36AEF6006F12AD /* Assets.xcassets */ = {isa = PBXFileReference; lastKnownFileType = folder.assetcatalog; path = Assets.xcassets; sourceTree = "<group>"; };
		DBA28D771F36AEF6006F12AD /* Base */ = {isa = PBXFileReference; lastKnownFileType = file.storyboard; name = Base; path = Base.lproj/LaunchScreen.storyboard; sourceTree = "<group>"; };
		DBA28D791F36AEF6006F12AD /* Info.plist */ = {isa = PBXFileReference; lastKnownFileType = text.plist.xml; path = Info.plist; sourceTree = "<group>"; };
		DBA28D7E1F36AEF6006F12AD /* Swift_youPlayerTests.xctest */ = {isa = PBXFileReference; explicitFileType = wrapper.cfbundle; includeInIndex = 0; path = Swift_youPlayerTests.xctest; sourceTree = BUILT_PRODUCTS_DIR; };
		DBA28D821F36AEF6006F12AD /* Swift_youPlayerTests.swift */ = {isa = PBXFileReference; lastKnownFileType = sourcecode.swift; path = Swift_youPlayerTests.swift; sourceTree = "<group>"; };
		DBA28D841F36AEF6006F12AD /* Info.plist */ = {isa = PBXFileReference; lastKnownFileType = text.plist.xml; path = Info.plist; sourceTree = "<group>"; };
		DBA28D891F36AEF6006F12AD /* Swift_youPlayerUITests.xctest */ = {isa = PBXFileReference; explicitFileType = wrapper.cfbundle; includeInIndex = 0; path = Swift_youPlayerUITests.xctest; sourceTree = BUILT_PRODUCTS_DIR; };
		DBA28D8D1F36AEF6006F12AD /* Swift_youPlayerUITests.swift */ = {isa = PBXFileReference; lastKnownFileType = sourcecode.swift; path = Swift_youPlayerUITests.swift; sourceTree = "<group>"; };
		DBA28D8F1F36AEF6006F12AD /* Info.plist */ = {isa = PBXFileReference; lastKnownFileType = text.plist.xml; path = Info.plist; sourceTree = "<group>"; };
		DBA28D9D1F36B37A006F12AD /* MyView.swift */ = {isa = PBXFileReference; fileEncoding = 4; lastKnownFileType = sourcecode.swift; name = MyView.swift; path = ../MyView.swift; sourceTree = "<group>"; };
		ECB43639792A111559741352 /* Pods-Swift_youPlayerUITests.release.xcconfig */ = {isa = PBXFileReference; includeInIndex = 1; lastKnownFileType = text.xcconfig; name = "Pods-Swift_youPlayerUITests.release.xcconfig"; path = "Pods/Target Support Files/Pods-Swift_youPlayerUITests/Pods-Swift_youPlayerUITests.release.xcconfig"; sourceTree = "<group>"; };
		F2E3A0AAB16CC0A1613226C9 /* Pods_Swift_youPlayerUITests.framework */ = {isa = PBXFileReference; explicitFileType = wrapper.framework; includeInIndex = 0; path = Pods_Swift_youPlayerUITests.framework; sourceTree = BUILT_PRODUCTS_DIR; };
		FAC16E3229F8C0789AA57F80 /* Pods-Swift_youPlayerTests.release.xcconfig */ = {isa = PBXFileReference; includeInIndex = 1; lastKnownFileType = text.xcconfig; name = "Pods-Swift_youPlayerTests.release.xcconfig"; path = "Pods/Target Support Files/Pods-Swift_youPlayerTests/Pods-Swift_youPlayerTests.release.xcconfig"; sourceTree = "<group>"; };
/* End PBXFileReference section */

/* Begin PBXFrameworksBuildPhase section */
		DBA28D671F36AEF6006F12AD /* Frameworks */ = {
			isa = PBXFrameworksBuildPhase;
			buildActionMask = 2147483647;
			files = (
				78FAE1268EE2C0C42F3A8B63 /* Pods_Swift_youPlayer.framework in Frameworks */,
			);
			runOnlyForDeploymentPostprocessing = 0;
		};
		DBA28D7B1F36AEF6006F12AD /* Frameworks */ = {
			isa = PBXFrameworksBuildPhase;
			buildActionMask = 2147483647;
			files = (
				EFE41368C74C598B7B135680 /* Pods_Swift_youPlayerTests.framework in Frameworks */,
			);
			runOnlyForDeploymentPostprocessing = 0;
		};
		DBA28D861F36AEF6006F12AD /* Frameworks */ = {
			isa = PBXFrameworksBuildPhase;
			buildActionMask = 2147483647;
			files = (
				E636C56B3D2079317E1A2280 /* Pods_Swift_youPlayerUITests.framework in Frameworks */,
			);
			runOnlyForDeploymentPostprocessing = 0;
		};
/* End PBXFrameworksBuildPhase section */

/* Begin PBXGroup section */
		1F963B0FD0D30C778FBD4194 /* Pods */ = {
			isa = PBXGroup;
			children = (
				07FE7460C7AF6AAD35C82060 /* Pods-Swift_youPlayer.debug.xcconfig */,
				4995BD26C83DA0B781B02C49 /* Pods-Swift_youPlayer.release.xcconfig */,
				BBF56A325E9CD940AAEDFFF9 /* Pods-Swift_youPlayerTests.debug.xcconfig */,
				FAC16E3229F8C0789AA57F80 /* Pods-Swift_youPlayerTests.release.xcconfig */,
				2E453B9BB64E87BCF903045D /* Pods-Swift_youPlayerUITests.debug.xcconfig */,
				ECB43639792A111559741352 /* Pods-Swift_youPlayerUITests.release.xcconfig */,
			);
			name = Pods;
			sourceTree = "<group>";
		};
		815973A710F4A079A271FDBE /* Frameworks */ = {
			isa = PBXGroup;
			children = (
				7E0D1EAF10B599FD9C44EFF2 /* Pods_Swift_youPlayer.framework */,
				B4A36B009C9181C9AA6C321C /* Pods_Swift_youPlayerTests.framework */,
				F2E3A0AAB16CC0A1613226C9 /* Pods_Swift_youPlayerUITests.framework */,
			);
			name = Frameworks;
			sourceTree = "<group>";
		};
		DBA28D611F36AEF6006F12AD = {
			isa = PBXGroup;
			children = (
				DBA28D6C1F36AEF6006F12AD /* Swift_youPlayer */,
				DBA28D811F36AEF6006F12AD /* Swift_youPlayerTests */,
				DBA28D8C1F36AEF6006F12AD /* Swift_youPlayerUITests */,
				DBA28D6B1F36AEF6006F12AD /* Products */,
				1F963B0FD0D30C778FBD4194 /* Pods */,
				815973A710F4A079A271FDBE /* Frameworks */,
			);
			sourceTree = "<group>";
		};
		DBA28D6B1F36AEF6006F12AD /* Products */ = {
			isa = PBXGroup;
			children = (
				DBA28D6A1F36AEF6006F12AD /* Swift_youPlayer.app */,
				DBA28D7E1F36AEF6006F12AD /* Swift_youPlayerTests.xctest */,
				DBA28D891F36AEF6006F12AD /* Swift_youPlayerUITests.xctest */,
			);
			name = Products;
			sourceTree = "<group>";
		};
		DBA28D6C1F36AEF6006F12AD /* Swift_youPlayer */ = {
			isa = PBXGroup;
			children = (
				DBA28D9D1F36B37A006F12AD /* MyView.swift */,
				DBA28D6D1F36AEF6006F12AD /* AppDelegate.swift */,
				DBA28D6F1F36AEF6006F12AD /* ViewController.swift */,
				DBA28D711F36AEF6006F12AD /* Main.storyboard */,
				DBA28D741F36AEF6006F12AD /* Assets.xcassets */,
				DBA28D761F36AEF6006F12AD /* LaunchScreen.storyboard */,
				DBA28D791F36AEF6006F12AD /* Info.plist */,
			);
			path = Swift_youPlayer;
			sourceTree = "<group>";
		};
		DBA28D811F36AEF6006F12AD /* Swift_youPlayerTests */ = {
			isa = PBXGroup;
			children = (
				DBA28D821F36AEF6006F12AD /* Swift_youPlayerTests.swift */,
				DBA28D841F36AEF6006F12AD /* Info.plist */,
			);
			path = Swift_youPlayerTests;
			sourceTree = "<group>";
		};
		DBA28D8C1F36AEF6006F12AD /* Swift_youPlayerUITests */ = {
			isa = PBXGroup;
			children = (
				DBA28D8D1F36AEF6006F12AD /* Swift_youPlayerUITests.swift */,
				DBA28D8F1F36AEF6006F12AD /* Info.plist */,
			);
			path = Swift_youPlayerUITests;
			sourceTree = "<group>";
		};
/* End PBXGroup section */

/* Begin PBXNativeTarget section */
		DBA28D691F36AEF6006F12AD /* Swift_youPlayer */ = {
			isa = PBXNativeTarget;
			buildConfigurationList = DBA28D921F36AEF6006F12AD /* Build configuration list for PBXNativeTarget "Swift_youPlayer" */;
			buildPhases = (
				690B4A3141D2DBDE0D6C1EF2 /* [CP] Check Pods Manifest.lock */,
				DBA28D661F36AEF6006F12AD /* Sources */,
				DBA28D671F36AEF6006F12AD /* Frameworks */,
				DBA28D681F36AEF6006F12AD /* Resources */,
				A7CD3617FB2542AE8DA42272 /* [CP] Embed Pods Frameworks */,
				1D0B4A8237634D8631EBED75 /* [CP] Copy Pods Resources */,
			);
			buildRules = (
			);
			dependencies = (
			);
			name = Swift_youPlayer;
			productName = Swift_youPlayer;
			productReference = DBA28D6A1F36AEF6006F12AD /* Swift_youPlayer.app */;
			productType = "com.apple.product-type.application";
		};
		DBA28D7D1F36AEF6006F12AD /* Swift_youPlayerTests */ = {
			isa = PBXNativeTarget;
			buildConfigurationList = DBA28D951F36AEF6006F12AD /* Build configuration list for PBXNativeTarget "Swift_youPlayerTests" */;
			buildPhases = (
				65FAD6D67C85A8BD938B5626 /* [CP] Check Pods Manifest.lock */,
				DBA28D7A1F36AEF6006F12AD /* Sources */,
				DBA28D7B1F36AEF6006F12AD /* Frameworks */,
				DBA28D7C1F36AEF6006F12AD /* Resources */,
				7F6E950C5C093F8F518152CE /* [CP] Embed Pods Frameworks */,
				02904511A2EA57908350F87B /* [CP] Copy Pods Resources */,
			);
			buildRules = (
			);
			dependencies = (
				DBA28D801F36AEF6006F12AD /* PBXTargetDependency */,
			);
			name = Swift_youPlayerTests;
			productName = Swift_youPlayerTests;
			productReference = DBA28D7E1F36AEF6006F12AD /* Swift_youPlayerTests.xctest */;
			productType = "com.apple.product-type.bundle.unit-test";
		};
		DBA28D881F36AEF6006F12AD /* Swift_youPlayerUITests */ = {
			isa = PBXNativeTarget;
			buildConfigurationList = DBA28D981F36AEF6006F12AD /* Build configuration list for PBXNativeTarget "Swift_youPlayerUITests" */;
			buildPhases = (
				A53431E5B0156B0ABCC6FFDF /* [CP] Check Pods Manifest.lock */,
				DBA28D851F36AEF6006F12AD /* Sources */,
				DBA28D861F36AEF6006F12AD /* Frameworks */,
				DBA28D871F36AEF6006F12AD /* Resources */,
				91493ED72FE3DADE51515B12 /* [CP] Embed Pods Frameworks */,
				29EFD8A63A04F46DCCE41519 /* [CP] Copy Pods Resources */,
			);
			buildRules = (
			);
			dependencies = (
				DBA28D8B1F36AEF6006F12AD /* PBXTargetDependency */,
			);
			name = Swift_youPlayerUITests;
			productName = Swift_youPlayerUITests;
			productReference = DBA28D891F36AEF6006F12AD /* Swift_youPlayerUITests.xctest */;
			productType = "com.apple.product-type.bundle.ui-testing";
		};
/* End PBXNativeTarget section */

/* Begin PBXProject section */
		DBA28D621F36AEF6006F12AD /* Project object */ = {
			isa = PBXProject;
			attributes = {
				LastSwiftUpdateCheck = 0830;
				LastUpgradeCheck = 0830;
				ORGANIZATIONNAME = "Leon Cheng";
				TargetAttributes = {
					DBA28D691F36AEF6006F12AD = {
						CreatedOnToolsVersion = 8.3.2;
						DevelopmentTeam = YT6YT5Z5FB;
						ProvisioningStyle = Automatic;
					};
					DBA28D7D1F36AEF6006F12AD = {
						CreatedOnToolsVersion = 8.3.2;
						ProvisioningStyle = Automatic;
						TestTargetID = DBA28D691F36AEF6006F12AD;
					};
					DBA28D881F36AEF6006F12AD = {
						CreatedOnToolsVersion = 8.3.2;
						ProvisioningStyle = Automatic;
						TestTargetID = DBA28D691F36AEF6006F12AD;
					};
				};
			};
			buildConfigurationList = DBA28D651F36AEF6006F12AD /* Build configuration list for PBXProject "Swift_youPlayer" */;
			compatibilityVersion = "Xcode 3.2";
			developmentRegion = English;
			hasScannedForEncodings = 0;
			knownRegions = (
				en,
				Base,
			);
			mainGroup = DBA28D611F36AEF6006F12AD;
			productRefGroup = DBA28D6B1F36AEF6006F12AD /* Products */;
			projectDirPath = "";
			projectRoot = "";
			targets = (
				DBA28D691F36AEF6006F12AD /* Swift_youPlayer */,
				DBA28D7D1F36AEF6006F12AD /* Swift_youPlayerTests */,
				DBA28D881F36AEF6006F12AD /* Swift_youPlayerUITests */,
			);
		};
/* End PBXProject section */

/* Begin PBXResourcesBuildPhase section */
		DBA28D681F36AEF6006F12AD /* Resources */ = {
			isa = PBXResourcesBuildPhase;
			buildActionMask = 2147483647;
			files = (
				DBA28D781F36AEF6006F12AD /* LaunchScreen.storyboard in Resources */,
				DBA28D751F36AEF6006F12AD /* Assets.xcassets in Resources */,
				DBA28D731F36AEF6006F12AD /* Main.storyboard in Resources */,
			);
			runOnlyForDeploymentPostprocessing = 0;
		};
		DBA28D7C1F36AEF6006F12AD /* Resources */ = {
			isa = PBXResourcesBuildPhase;
			buildActionMask = 2147483647;
			files = (
			);
			runOnlyForDeploymentPostprocessing = 0;
		};
		DBA28D871F36AEF6006F12AD /* Resources */ = {
			isa = PBXResourcesBuildPhase;
			buildActionMask = 2147483647;
			files = (
			);
			runOnlyForDeploymentPostprocessing = 0;
		};
/* End PBXResourcesBuildPhase section */

/* Begin PBXShellScriptBuildPhase section */
		02904511A2EA57908350F87B /* [CP] Copy Pods Resources */ = {
			isa = PBXShellScriptBuildPhase;
			buildActionMask = 2147483647;
			files = (
			);
			inputPaths = (
			);
			name = "[CP] Copy Pods Resources";
			outputPaths = (
			);
			runOnlyForDeploymentPostprocessing = 0;
			shellPath = /bin/sh;
			shellScript = "\"${SRCROOT}/Pods/Target Support Files/Pods-Swift_youPlayerTests/Pods-Swift_youPlayerTests-resources.sh\"\n";
			showEnvVarsInLog = 0;
		};
		1D0B4A8237634D8631EBED75 /* [CP] Copy Pods Resources */ = {
			isa = PBXShellScriptBuildPhase;
			buildActionMask = 2147483647;
			files = (
			);
			inputPaths = (
			);
			name = "[CP] Copy Pods Resources";
			outputPaths = (
			);
			runOnlyForDeploymentPostprocessing = 0;
			shellPath = /bin/sh;
			shellScript = "\"${SRCROOT}/Pods/Target Support Files/Pods-Swift_youPlayer/Pods-Swift_youPlayer-resources.sh\"\n";
			showEnvVarsInLog = 0;
		};
		29EFD8A63A04F46DCCE41519 /* [CP] Copy Pods Resources */ = {
			isa = PBXShellScriptBuildPhase;
			buildActionMask = 2147483647;
			files = (
			);
			inputPaths = (
			);
			name = "[CP] Copy Pods Resources";
			outputPaths = (
			);
			runOnlyForDeploymentPostprocessing = 0;
			shellPath = /bin/sh;
			shellScript = "\"${SRCROOT}/Pods/Target Support Files/Pods-Swift_youPlayerUITests/Pods-Swift_youPlayerUITests-resources.sh\"\n";
			showEnvVarsInLog = 0;
		};
		65FAD6D67C85A8BD938B5626 /* [CP] Check Pods Manifest.lock */ = {
			isa = PBXShellScriptBuildPhase;
			buildActionMask = 2147483647;
			files = (
			);
			inputPaths = (
				"${PODS_PODFILE_DIR_PATH}/Podfile.lock",
				"${PODS_ROOT}/Manifest.lock",
			);
			name = "[CP] Check Pods Manifest.lock";
			outputPaths = (
				"$(DERIVED_FILE_DIR)/Pods-Swift_youPlayerTests-checkManifestLockResult.txt",
			);
			runOnlyForDeploymentPostprocessing = 0;
			shellPath = /bin/sh;
			shellScript = "diff \"${PODS_PODFILE_DIR_PATH}/Podfile.lock\" \"${PODS_ROOT}/Manifest.lock\" > /dev/null\nif [ $? != 0 ] ; then\n    # print error to STDERR\n    echo \"error: The sandbox is not in sync with the Podfile.lock. Run 'pod install' or update your CocoaPods installation.\" >&2\n    exit 1\nfi\n# This output is used by Xcode 'outputs' to avoid re-running this script phase.\necho \"SUCCESS\" > \"${SCRIPT_OUTPUT_FILE_0}\"\n";
			showEnvVarsInLog = 0;
		};
		690B4A3141D2DBDE0D6C1EF2 /* [CP] Check Pods Manifest.lock */ = {
			isa = PBXShellScriptBuildPhase;
			buildActionMask = 2147483647;
			files = (
			);
			inputPaths = (
				"${PODS_PODFILE_DIR_PATH}/Podfile.lock",
				"${PODS_ROOT}/Manifest.lock",
			);
			name = "[CP] Check Pods Manifest.lock";
			outputPaths = (
				"$(DERIVED_FILE_DIR)/Pods-Swift_youPlayer-checkManifestLockResult.txt",
			);
			runOnlyForDeploymentPostprocessing = 0;
			shellPath = /bin/sh;
			shellScript = "diff \"${PODS_PODFILE_DIR_PATH}/Podfile.lock\" \"${PODS_ROOT}/Manifest.lock\" > /dev/null\nif [ $? != 0 ] ; then\n    # print error to STDERR\n    echo \"error: The sandbox is not in sync with the Podfile.lock. Run 'pod install' or update your CocoaPods installation.\" >&2\n    exit 1\nfi\n# This output is used by Xcode 'outputs' to avoid re-running this script phase.\necho \"SUCCESS\" > \"${SCRIPT_OUTPUT_FILE_0}\"\n";
			showEnvVarsInLog = 0;
		};
		7F6E950C5C093F8F518152CE /* [CP] Embed Pods Frameworks */ = {
			isa = PBXShellScriptBuildPhase;
			buildActionMask = 2147483647;
			files = (
			);
			inputPaths = (
			);
			name = "[CP] Embed Pods Frameworks";
			outputPaths = (
			);
			runOnlyForDeploymentPostprocessing = 0;
			shellPath = /bin/sh;
			shellScript = "\"${SRCROOT}/Pods/Target Support Files/Pods-Swift_youPlayerTests/Pods-Swift_youPlayerTests-frameworks.sh\"\n";
			showEnvVarsInLog = 0;
		};
		91493ED72FE3DADE51515B12 /* [CP] Embed Pods Frameworks */ = {
			isa = PBXShellScriptBuildPhase;
			buildActionMask = 2147483647;
			files = (
			);
			inputPaths = (
			);
			name = "[CP] Embed Pods Frameworks";
			outputPaths = (
			);
			runOnlyForDeploymentPostprocessing = 0;
			shellPath = /bin/sh;
			shellScript = "\"${SRCROOT}/Pods/Target Support Files/Pods-Swift_youPlayerUITests/Pods-Swift_youPlayerUITests-frameworks.sh\"\n";
			showEnvVarsInLog = 0;
		};
		A53431E5B0156B0ABCC6FFDF /* [CP] Check Pods Manifest.lock */ = {
			isa = PBXShellScriptBuildPhase;
			buildActionMask = 2147483647;
			files = (
			);
			inputPaths = (
				"${PODS_PODFILE_DIR_PATH}/Podfile.lock",
				"${PODS_ROOT}/Manifest.lock",
			);
			name = "[CP] Check Pods Manifest.lock";
			outputPaths = (
				"$(DERIVED_FILE_DIR)/Pods-Swift_youPlayerUITests-checkManifestLockResult.txt",
			);
			runOnlyForDeploymentPostprocessing = 0;
			shellPath = /bin/sh;
			shellScript = "diff \"${PODS_PODFILE_DIR_PATH}/Podfile.lock\" \"${PODS_ROOT}/Manifest.lock\" > /dev/null\nif [ $? != 0 ] ; then\n    # print error to STDERR\n    echo \"error: The sandbox is not in sync with the Podfile.lock. Run 'pod install' or update your CocoaPods installation.\" >&2\n    exit 1\nfi\n# This output is used by Xcode 'outputs' to avoid re-running this script phase.\necho \"SUCCESS\" > \"${SCRIPT_OUTPUT_FILE_0}\"\n";
			showEnvVarsInLog = 0;
		};
		A7CD3617FB2542AE8DA42272 /* [CP] Embed Pods Frameworks */ = {
			isa = PBXShellScriptBuildPhase;
			buildActionMask = 2147483647;
			files = (
			);
			inputPaths = (
				"${SRCROOT}/Pods/Target Support Files/Pods-Swift_youPlayer/Pods-Swift_youPlayer-frameworks.sh",
				"${BUILT_PRODUCTS_DIR}/youtube-ios-player-helper/youtube_ios_player_helper.framework",
			);
			name = "[CP] Embed Pods Frameworks";
			outputPaths = (
				"${TARGET_BUILD_DIR}/${FRAMEWORKS_FOLDER_PATH}/youtube_ios_player_helper.framework",
			);
			runOnlyForDeploymentPostprocessing = 0;
			shellPath = /bin/sh;
			shellScript = "\"${SRCROOT}/Pods/Target Support Files/Pods-Swift_youPlayer/Pods-Swift_youPlayer-frameworks.sh\"\n";
			showEnvVarsInLog = 0;
		};
/* End PBXShellScriptBuildPhase section */

/* Begin PBXSourcesBuildPhase section */
		DBA28D661F36AEF6006F12AD /* Sources */ = {
			isa = PBXSourcesBuildPhase;
			buildActionMask = 2147483647;
			files = (
				DBA28D9E1F36B37A006F12AD /* MyView.swift in Sources */,
				DBA28D701F36AEF6006F12AD /* ViewController.swift in Sources */,
				DBA28D6E1F36AEF6006F12AD /* AppDelegate.swift in Sources */,
			);
			runOnlyForDeploymentPostprocessing = 0;
		};
		DBA28D7A1F36AEF6006F12AD /* Sources */ = {
			isa = PBXSourcesBuildPhase;
			buildActionMask = 2147483647;
			files = (
				DBA28D831F36AEF6006F12AD /* Swift_youPlayerTests.swift in Sources */,
			);
			runOnlyForDeploymentPostprocessing = 0;
		};
		DBA28D851F36AEF6006F12AD /* Sources */ = {
			isa = PBXSourcesBuildPhase;
			buildActionMask = 2147483647;
			files = (
				DBA28D8E1F36AEF6006F12AD /* Swift_youPlayerUITests.swift in Sources */,
			);
			runOnlyForDeploymentPostprocessing = 0;
		};
/* End PBXSourcesBuildPhase section */

/* Begin PBXTargetDependency section */
		DBA28D801F36AEF6006F12AD /* PBXTargetDependency */ = {
			isa = PBXTargetDependency;
			target = DBA28D691F36AEF6006F12AD /* Swift_youPlayer */;
			targetProxy = DBA28D7F1F36AEF6006F12AD /* PBXContainerItemProxy */;
		};
		DBA28D8B1F36AEF6006F12AD /* PBXTargetDependency */ = {
			isa = PBXTargetDependency;
			target = DBA28D691F36AEF6006F12AD /* Swift_youPlayer */;
			targetProxy = DBA28D8A1F36AEF6006F12AD /* PBXContainerItemProxy */;
		};
/* End PBXTargetDependency section */

/* Begin PBXVariantGroup section */
		DBA28D711F36AEF6006F12AD /* Main.storyboard */ = {
			isa = PBXVariantGroup;
			children = (
				DBA28D721F36AEF6006F12AD /* Base */,
			);
			name = Main.storyboard;
			sourceTree = "<group>";
		};
		DBA28D761F36AEF6006F12AD /* LaunchScreen.storyboard */ = {
			isa = PBXVariantGroup;
			children = (
				DBA28D771F36AEF6006F12AD /* Base */,
			);
			name = LaunchScreen.storyboard;
			sourceTree = "<group>";
		};
/* End PBXVariantGroup section */

/* Begin XCBuildConfiguration section */
		DBA28D901F36AEF6006F12AD /* Debug */ = {
			isa = XCBuildConfiguration;
			buildSettings = {
				ALWAYS_SEARCH_USER_PATHS = NO;
				CLANG_ANALYZER_NONNULL = YES;
				CLANG_ANALYZER_NUMBER_OBJECT_CONVERSION = YES_AGGRESSIVE;
				CLANG_CXX_LANGUAGE_STANDARD = "gnu++0x";
				CLANG_CXX_LIBRARY = "libc++";
				CLANG_ENABLE_MODULES = YES;
				CLANG_ENABLE_OBJC_ARC = YES;
				CLANG_WARN_BOOL_CONVERSION = YES;
				CLANG_WARN_CONSTANT_CONVERSION = YES;
				CLANG_WARN_DIRECT_OBJC_ISA_USAGE = YES_ERROR;
				CLANG_WARN_DOCUMENTATION_COMMENTS = YES;
				CLANG_WARN_EMPTY_BODY = YES;
				CLANG_WARN_ENUM_CONVERSION = YES;
				CLANG_WARN_INFINITE_RECURSION = YES;
				CLANG_WARN_INT_CONVERSION = YES;
				CLANG_WARN_OBJC_ROOT_CLASS = YES_ERROR;
				CLANG_WARN_SUSPICIOUS_MOVE = YES;
				CLANG_WARN_UNREACHABLE_CODE = YES;
				CLANG_WARN__DUPLICATE_METHOD_MATCH = YES;
				"CODE_SIGN_IDENTITY[sdk=iphoneos*]" = "iPhone Developer";
				COPY_PHASE_STRIP = NO;
				DEBUG_INFORMATION_FORMAT = dwarf;
				ENABLE_STRICT_OBJC_MSGSEND = YES;
				ENABLE_TESTABILITY = YES;
				GCC_C_LANGUAGE_STANDARD = gnu99;
				GCC_DYNAMIC_NO_PIC = NO;
				GCC_NO_COMMON_BLOCKS = YES;
				GCC_OPTIMIZATION_LEVEL = 0;
				GCC_PREPROCESSOR_DEFINITIONS = (
					"DEBUG=1",
					"$(inherited)",
				);
				GCC_WARN_64_TO_32_BIT_CONVERSION = YES;
				GCC_WARN_ABOUT_RETURN_TYPE = YES_ERROR;
				GCC_WARN_UNDECLARED_SELECTOR = YES;
				GCC_WARN_UNINITIALIZED_AUTOS = YES_AGGRESSIVE;
				GCC_WARN_UNUSED_FUNCTION = YES;
				GCC_WARN_UNUSED_VARIABLE = YES;
				IPHONEOS_DEPLOYMENT_TARGET = 9.0;
				MTL_ENABLE_DEBUG_INFO = YES;
				ONLY_ACTIVE_ARCH = YES;
				SDKROOT = iphoneos;
				SWIFT_ACTIVE_COMPILATION_CONDITIONS = DEBUG;
				SWIFT_OPTIMIZATION_LEVEL = "-Onone";
			};
			name = Debug;
		};
		DBA28D911F36AEF6006F12AD /* Release */ = {
			isa = XCBuildConfiguration;
			buildSettings = {
				ALWAYS_SEARCH_USER_PATHS = NO;
				CLANG_ANALYZER_NONNULL = YES;
				CLANG_ANALYZER_NUMBER_OBJECT_CONVERSION = YES_AGGRESSIVE;
				CLANG_CXX_LANGUAGE_STANDARD = "gnu++0x";
				CLANG_CXX_LIBRARY = "libc++";
				CLANG_ENABLE_MODULES = YES;
				CLANG_ENABLE_OBJC_ARC = YES;
				CLANG_WARN_BOOL_CONVERSION = YES;
				CLANG_WARN_CONSTANT_CONVERSION = YES;
				CLANG_WARN_DIRECT_OBJC_ISA_USAGE = YES_ERROR;
				CLANG_WARN_DOCUMENTATION_COMMENTS = YES;
				CLANG_WARN_EMPTY_BODY = YES;
				CLANG_WARN_ENUM_CONVERSION = YES;
				CLANG_WARN_INFINITE_RECURSION = YES;
				CLANG_WARN_INT_CONVERSION = YES;
				CLANG_WARN_OBJC_ROOT_CLASS = YES_ERROR;
				CLANG_WARN_SUSPICIOUS_MOVE = YES;
				CLANG_WARN_UNREACHABLE_CODE = YES;
				CLANG_WARN__DUPLICATE_METHOD_MATCH = YES;
				"CODE_SIGN_IDENTITY[sdk=iphoneos*]" = "iPhone Developer";
				COPY_PHASE_STRIP = NO;
				DEBUG_INFORMATION_FORMAT = "dwarf-with-dsym";
				ENABLE_NS_ASSERTIONS = NO;
				ENABLE_STRICT_OBJC_MSGSEND = YES;
				GCC_C_LANGUAGE_STANDARD = gnu99;
				GCC_NO_COMMON_BLOCKS = YES;
				GCC_WARN_64_TO_32_BIT_CONVERSION = YES;
				GCC_WARN_ABOUT_RETURN_TYPE = YES_ERROR;
				GCC_WARN_UNDECLARED_SELECTOR = YES;
				GCC_WARN_UNINITIALIZED_AUTOS = YES_AGGRESSIVE;
				GCC_WARN_UNUSED_FUNCTION = YES;
				GCC_WARN_UNUSED_VARIABLE = YES;
				IPHONEOS_DEPLOYMENT_TARGET = 9.0;
				MTL_ENABLE_DEBUG_INFO = NO;
				SDKROOT = iphoneos;
				SWIFT_OPTIMIZATION_LEVEL = "-Owholemodule";
				VALIDATE_PRODUCT = YES;
			};
			name = Release;
		};
		DBA28D931F36AEF6006F12AD /* Debug */ = {
			isa = XCBuildConfiguration;
			baseConfigurationReference = 07FE7460C7AF6AAD35C82060 /* Pods-Swift_youPlayer.debug.xcconfig */;
			buildSettings = {
				ASSETCATALOG_COMPILER_APPICON_NAME = AppIcon;
				"CODE_SIGN_IDENTITY[sdk=iphoneos*]" = "iPhone Developer";
				DEVELOPMENT_TEAM = YT6YT5Z5FB;
				INFOPLIST_FILE = Swift_youPlayer/Info.plist;
				LD_RUNPATH_SEARCH_PATHS = "$(inherited) @executable_path/Frameworks";
				PRODUCT_BUNDLE_IDENTIFIER = "com.Chiken5.Swift-youPlayer";
				PRODUCT_NAME = "$(TARGET_NAME)";
				SWIFT_VERSION = 3.0;
				TARGETED_DEVICE_FAMILY = "1,2";
			};
			name = Debug;
		};
		DBA28D941F36AEF6006F12AD /* Release */ = {
			isa = XCBuildConfiguration;
			baseConfigurationReference = 4995BD26C83DA0B781B02C49 /* Pods-Swift_youPlayer.release.xcconfig */;
			buildSettings = {
				ASSETCATALOG_COMPILER_APPICON_NAME = AppIcon;
				"CODE_SIGN_IDENTITY[sdk=iphoneos*]" = "iPhone Developer";
				DEVELOPMENT_TEAM = YT6YT5Z5FB;
				INFOPLIST_FILE = Swift_youPlayer/Info.plist;
				LD_RUNPATH_SEARCH_PATHS = "$(inherited) @executable_path/Frameworks";
				PRODUCT_BUNDLE_IDENTIFIER = "com.Chiken5.Swift-youPlayer";
				PRODUCT_NAME = "$(TARGET_NAME)";
				SWIFT_VERSION = 3.0;
				TARGETED_DEVICE_FAMILY = "1,2";
			};
			name = Release;
		};
		DBA28D961F36AEF6006F12AD /* Debug */ = {
			isa = XCBuildConfiguration;
			baseConfigurationReference = BBF56A325E9CD940AAEDFFF9 /* Pods-Swift_youPlayerTests.debug.xcconfig */;
			buildSettings = {
				ALWAYS_EMBED_SWIFT_STANDARD_LIBRARIES = YES;
				BUNDLE_LOADER = "$(TEST_HOST)";
				INFOPLIST_FILE = Swift_youPlayerTests/Info.plist;
				LD_RUNPATH_SEARCH_PATHS = "$(inherited) @executable_path/Frameworks @loader_path/Frameworks";
				PRODUCT_BUNDLE_IDENTIFIER = "com.Chiken5.Swift-youPlayerTests";
				PRODUCT_NAME = "$(TARGET_NAME)";
				SWIFT_VERSION = 3.0;
				TEST_HOST = "$(BUILT_PRODUCTS_DIR)/Swift_youPlayer.app/Swift_youPlayer";
			};
			name = Debug;
		};
		DBA28D971F36AEF6006F12AD /* Release */ = {
			isa = XCBuildConfiguration;
			baseConfigurationReference = FAC16E3229F8C0789AA57F80 /* Pods-Swift_youPlayerTests.release.xcconfig */;
			buildSettings = {
				ALWAYS_EMBED_SWIFT_STANDARD_LIBRARIES = YES;
				BUNDLE_LOADER = "$(TEST_HOST)";
				INFOPLIST_FILE = Swift_youPlayerTests/Info.plist;
				LD_RUNPATH_SEARCH_PATHS = "$(inherited) @executable_path/Frameworks @loader_path/Frameworks";
				PRODUCT_BUNDLE_IDENTIFIER = "com.Chiken5.Swift-youPlayerTests";
				PRODUCT_NAME = "$(TARGET_NAME)";
				SWIFT_VERSION = 3.0;
				TEST_HOST = "$(BUILT_PRODUCTS_DIR)/Swift_youPlayer.app/Swift_youPlayer";
			};
			name = Release;
		};
		DBA28D991F36AEF6006F12AD /* Debug */ = {
			isa = XCBuildConfiguration;
			baseConfigurationReference = 2E453B9BB64E87BCF903045D /* Pods-Swift_youPlayerUITests.debug.xcconfig */;
			buildSettings = {
				ALWAYS_EMBED_SWIFT_STANDARD_LIBRARIES = YES;
				INFOPLIST_FILE = Swift_youPlayerUITests/Info.plist;
				LD_RUNPATH_SEARCH_PATHS = "$(inherited) @executable_path/Frameworks @loader_path/Frameworks";
				PRODUCT_BUNDLE_IDENTIFIER = "com.Chiken5.Swift-youPlayerUITests";
				PRODUCT_NAME = "$(TARGET_NAME)";
				SWIFT_VERSION = 3.0;
				TEST_TARGET_NAME = Swift_youPlayer;
			};
			name = Debug;
		};
		DBA28D9A1F36AEF6006F12AD /* Release */ = {
			isa = XCBuildConfiguration;
			baseConfigurationReference = ECB43639792A111559741352 /* Pods-Swift_youPlayerUITests.release.xcconfig */;
			buildSettings = {
				ALWAYS_EMBED_SWIFT_STANDARD_LIBRARIES = YES;
				INFOPLIST_FILE = Swift_youPlayerUITests/Info.plist;
				LD_RUNPATH_SEARCH_PATHS = "$(inherited) @executable_path/Frameworks @loader_path/Frameworks";
				PRODUCT_BUNDLE_IDENTIFIER = "com.Chiken5.Swift-youPlayerUITests";
				PRODUCT_NAME = "$(TARGET_NAME)";
				SWIFT_VERSION = 3.0;
				TEST_TARGET_NAME = Swift_youPlayer;
			};
			name = Release;
		};
/* End XCBuildConfiguration section */

/* Begin XCConfigurationList section */
		DBA28D651F36AEF6006F12AD /* Build configuration list for PBXProject "Swift_youPlayer" */ = {
			isa = XCConfigurationList;
			buildConfigurations = (
				DBA28D901F36AEF6006F12AD /* Debug */,
				DBA28D911F36AEF6006F12AD /* Release */,
			);
			defaultConfigurationIsVisible = 0;
			defaultConfigurationName = Release;
		};
		DBA28D921F36AEF6006F12AD /* Build configuration list for PBXNativeTarget "Swift_youPlayer" */ = {
			isa = XCConfigurationList;
			buildConfigurations = (
				DBA28D931F36AEF6006F12AD /* Debug */,
				DBA28D941F36AEF6006F12AD /* Release */,
			);
			defaultConfigurationIsVisible = 0;
			defaultConfigurationName = Release;
		};
		DBA28D951F36AEF6006F12AD /* Build configuration list for PBXNativeTarget "Swift_youPlayerTests" */ = {
			isa = XCConfigurationList;
			buildConfigurations = (
				DBA28D961F36AEF6006F12AD /* Debug */,
				DBA28D971F36AEF6006F12AD /* Release */,
			);
			defaultConfigurationIsVisible = 0;
			defaultConfigurationName = Release;
		};
		DBA28D981F36AEF6006F12AD /* Build configuration list for PBXNativeTarget "Swift_youPlayerUITests" */ = {
			isa = XCConfigurationList;
			buildConfigurations = (
				DBA28D991F36AEF6006F12AD /* Debug */,
				DBA28D9A1F36AEF6006F12AD /* Release */,
			);
			defaultConfigurationIsVisible = 0;
			defaultConfigurationName = Release;
		};
/* End XCConfigurationList section */
	};
	rootObject = DBA28D621F36AEF6006F12AD /* Project object */;
}
